{
  "object": {
    "pins": [
      {
        "package": "cgjprofileLib",
        "repositoryURL": "https://github.com/below/cgjProfileLib",
        "state": {
          "branch": null,
          "revision": "d0f6998e2d7335b6491af82e98d38376fbb497ba",
          "version": "1.0.0"
        }
      },
      {
        "package": "swift-argument-parser",
        "repositoryURL": "https://github.com/apple/swift-argument-parser",
        "state": {
          "branch": null,
          "revision": "15351c1cd009eba0b6e438bfef55ea9847a8dc4a",
          "version": "0.3.0"
        }
      }
    ]
  },
  "version": 1
}
