{
  "object": {
    "pins": [
      {
        "package": "cgjprofileLib",
        "repositoryURL": "https://github.com/below/cgjprofileLib",
        "state": {
          "branch": null,
          "revision": "17957fcf5aa98cd1a25409ce0af24b0d37bce140",
          "version": "0.9.0"
        }
      },
      {
        "package": "llbuild",
        "repositoryURL": "https://github.com/apple/swift-llbuild.git",
        "state": {
          "branch": "master",
          "revision": "d17ab46c745d04691ceb7d0c58407c115b97e58e",
          "version": null
        }
      },
      {
        "package": "SwiftPM",
        "repositoryURL": "https://github.com/apple/swift-package-manager.git",
        "state": {
          "branch": "master",
          "revision": "bc62818dd84a72f10f64bd47bc0304616321999f",
          "version": null
        }
      }
    ]
  },
  "version": 1
}
