{
  "object": {
    "pins": [
      {
        "package": "cgjprofileLib",
        "repositoryURL": "https://github.com/below/cgjProfileLib",
        "state": {
          "branch": null,
          "revision": "d0f6998e2d7335b6491af82e98d38376fbb497ba",
          "version": "1.0.0"
        }
      },
      {
        "package": "llbuild",
        "repositoryURL": "https://github.com/apple/swift-llbuild.git",
        "state": {
          "branch": "master",
          "revision": "d17ab46c745d04691ceb7d0c58407c115b97e58e",
          "version": null
        }
      },
      {
        "package": "SwiftPM",
        "repositoryURL": "https://github.com/apple/swift-package-manager.git",
        "state": {
          "branch": "master",
          "revision": "bc62818dd84a72f10f64bd47bc0304616321999f",
          "version": null
        }
      }
    ]
  },
  "version": 1
}
